
Microsoft Visual Studio Solution File, Format Version 12.00
# Visual Studio Version 17
VisualStudioVersion = 17.0.31903.59
MinimumVisualStudioVersion = 10.0.40219.1
Project("{FAE04EC0-301F-11D3-BF4B-00C04F79EFBC}") = "ImGui.App", "ImGui.App\ImGui.App.csproj", "{EEC56BFB-F502-8810-5DC7-9E17B3D17435}"
EndProject
Project("{FAE04EC0-301F-11D3-BF4B-00C04F79EFBC}") = "ImGui.Popups", "ImGui.Popups\ImGui.Popups.csproj", "{C7889AF0-481D-EF98-D6F1-8DD9C0A44AB7}"
EndProject
Project("{FAE04EC0-301F-11D3-BF4B-00C04F79EFBC}") = "ImGui.Styler", "ImGui.Styler\ImGui.Styler.csproj", "{8B4C0E01-82D0-E523-C654-8D33E2554884}"
EndProject
Project("{FAE04EC0-301F-11D3-BF4B-00C04F79EFBC}") = "ImGui.Widgets", "ImGui.Widgets\ImGui.Widgets.csproj", "{0BA81D84-EB0C-FDB5-8748-90F03AD17AC0}"
EndProject
Project("{2150E333-8FDC-42A3-9474-1A3956D46DE8}") = "Examples", "Examples", "{02EA681E-C7D8-13C7-8484-4AC65E1B71E8}"
	ProjectSection(SolutionItems) = preProject
		examples\ImGuiPopupsDemo\ImGuiPopupsDemo.csproj = examples\ImGuiPopupsDemo\ImGuiPopupsDemo.csproj
	EndProjectSection
EndProject
Project("{FAE04EC0-301F-11D3-BF4B-00C04F79EFBC}") = "ImGuiAppDemo", "examples\ImGuiAppDemo\ImGuiAppDemo.csproj", "{D50ADE7F-2B62-EDB5-2F96-8E6E8D19B961}"
EndProject
Project("{FAE04EC0-301F-11D3-BF4B-00C04F79EFBC}") = "ImGuiStylerDemo", "examples\ImGuiStylerDemo\ImGuiStylerDemo.csproj", "{74E901E1-ED27-2FA9-D58D-48A875D82102}"
EndProject
Project("{FAE04EC0-301F-11D3-BF4B-00C04F79EFBC}") = "ImGuiWidgetsDemo", "examples\ImGuiWidgetsDemo\ImGuiWidgetsDemo.csproj", "{723D183E-B609-CD2B-CF5B-B6F81E9368B3}"
EndProject
Project("{2150E333-8FDC-42A3-9474-1A3956D46DE8}") = "Tests", "Tests", "{5F0E6F1C-44C1-42B7-ADF4-770ABB471B40}"
EndProject
Project("{FAE04EC0-301F-11D3-BF4B-00C04F79EFBC}") = "ImGui.App.Tests", "tests\ImGui.App.Tests\ImGui.App.Tests.csproj", "{D1B3E399-F4E4-D537-46FE-2585AF4E9262}"
EndProject
Project("{FAE04EC0-301F-11D3-BF4B-00C04F79EFBC}") = "NodeGraph", "NodeGraph\NodeGraph.csproj", "{A959DCC5-5586-4A35-A567-807582807E34}"
EndProject
Global
	GlobalSection(SolutionConfigurationPlatforms) = preSolution
		Debug|Any CPU = Debug|Any CPU
		Debug|x64 = Debug|x64
		Debug|x86 = Debug|x86
		Release|Any CPU = Release|Any CPU
		Release|x64 = Release|x64
		Release|x86 = Release|x86
	EndGlobalSection
	GlobalSection(ProjectConfigurationPlatforms) = postSolution
		{EEC56BFB-F502-8810-5DC7-9E17B3D17435}.Debug|Any CPU.ActiveCfg = Debug|Any CPU
		{EEC56BFB-F502-8810-5DC7-9E17B3D17435}.Debug|Any CPU.Build.0 = Debug|Any CPU
		{EEC56BFB-F502-8810-5DC7-9E17B3D17435}.Debug|x64.ActiveCfg = Debug|Any CPU
		{EEC56BFB-F502-8810-5DC7-9E17B3D17435}.Debug|x64.Build.0 = Debug|Any CPU
		{EEC56BFB-F502-8810-5DC7-9E17B3D17435}.Debug|x86.ActiveCfg = Debug|Any CPU
		{EEC56BFB-F502-8810-5DC7-9E17B3D17435}.Debug|x86.Build.0 = Debug|Any CPU
		{EEC56BFB-F502-8810-5DC7-9E17B3D17435}.Release|Any CPU.ActiveCfg = Release|Any CPU
		{EEC56BFB-F502-8810-5DC7-9E17B3D17435}.Release|Any CPU.Build.0 = Release|Any CPU
		{EEC56BFB-F502-8810-5DC7-9E17B3D17435}.Release|x64.ActiveCfg = Release|Any CPU
		{EEC56BFB-F502-8810-5DC7-9E17B3D17435}.Release|x64.Build.0 = Release|Any CPU
		{EEC56BFB-F502-8810-5DC7-9E17B3D17435}.Release|x86.ActiveCfg = Release|Any CPU
		{EEC56BFB-F502-8810-5DC7-9E17B3D17435}.Release|x86.Build.0 = Release|Any CPU
		{C7889AF0-481D-EF98-D6F1-8DD9C0A44AB7}.Debug|Any CPU.ActiveCfg = Debug|Any CPU
		{C7889AF0-481D-EF98-D6F1-8DD9C0A44AB7}.Debug|Any CPU.Build.0 = Debug|Any CPU
		{C7889AF0-481D-EF98-D6F1-8DD9C0A44AB7}.Debug|x64.ActiveCfg = Debug|Any CPU
		{C7889AF0-481D-EF98-D6F1-8DD9C0A44AB7}.Debug|x64.Build.0 = Debug|Any CPU
		{C7889AF0-481D-EF98-D6F1-8DD9C0A44AB7}.Debug|x86.ActiveCfg = Debug|Any CPU
		{C7889AF0-481D-EF98-D6F1-8DD9C0A44AB7}.Debug|x86.Build.0 = Debug|Any CPU
		{C7889AF0-481D-EF98-D6F1-8DD9C0A44AB7}.Release|Any CPU.ActiveCfg = Release|Any CPU
		{C7889AF0-481D-EF98-D6F1-8DD9C0A44AB7}.Release|Any CPU.Build.0 = Release|Any CPU
		{C7889AF0-481D-EF98-D6F1-8DD9C0A44AB7}.Release|x64.ActiveCfg = Release|Any CPU
		{C7889AF0-481D-EF98-D6F1-8DD9C0A44AB7}.Release|x64.Build.0 = Release|Any CPU
		{C7889AF0-481D-EF98-D6F1-8DD9C0A44AB7}.Release|x86.ActiveCfg = Release|Any CPU
		{C7889AF0-481D-EF98-D6F1-8DD9C0A44AB7}.Release|x86.Build.0 = Release|Any CPU
		{8B4C0E01-82D0-E523-C654-8D33E2554884}.Debug|Any CPU.ActiveCfg = Debug|Any CPU
		{8B4C0E01-82D0-E523-C654-8D33E2554884}.Debug|Any CPU.Build.0 = Debug|Any CPU
		{8B4C0E01-82D0-E523-C654-8D33E2554884}.Debug|x64.ActiveCfg = Debug|Any CPU
		{8B4C0E01-82D0-E523-C654-8D33E2554884}.Debug|x64.Build.0 = Debug|Any CPU
		{8B4C0E01-82D0-E523-C654-8D33E2554884}.Debug|x86.ActiveCfg = Debug|Any CPU
		{8B4C0E01-82D0-E523-C654-8D33E2554884}.Debug|x86.Build.0 = Debug|Any CPU
		{8B4C0E01-82D0-E523-C654-8D33E2554884}.Release|Any CPU.ActiveCfg = Release|Any CPU
		{8B4C0E01-82D0-E523-C654-8D33E2554884}.Release|Any CPU.Build.0 = Release|Any CPU
		{8B4C0E01-82D0-E523-C654-8D33E2554884}.Release|x64.ActiveCfg = Release|Any CPU
		{8B4C0E01-82D0-E523-C654-8D33E2554884}.Release|x64.Build.0 = Release|Any CPU
		{8B4C0E01-82D0-E523-C654-8D33E2554884}.Release|x86.ActiveCfg = Release|Any CPU
		{8B4C0E01-82D0-E523-C654-8D33E2554884}.Release|x86.Build.0 = Release|Any CPU
		{0BA81D84-EB0C-FDB5-8748-90F03AD17AC0}.Debug|Any CPU.ActiveCfg = Debug|Any CPU
		{0BA81D84-EB0C-FDB5-8748-90F03AD17AC0}.Debug|Any CPU.Build.0 = Debug|Any CPU
		{0BA81D84-EB0C-FDB5-8748-90F03AD17AC0}.Debug|x64.ActiveCfg = Debug|Any CPU
		{0BA81D84-EB0C-FDB5-8748-90F03AD17AC0}.Debug|x64.Build.0 = Debug|Any CPU
		{0BA81D84-EB0C-FDB5-8748-90F03AD17AC0}.Debug|x86.ActiveCfg = Debug|Any CPU
		{0BA81D84-EB0C-FDB5-8748-90F03AD17AC0}.Debug|x86.Build.0 = Debug|Any CPU
		{0BA81D84-EB0C-FDB5-8748-90F03AD17AC0}.Release|Any CPU.ActiveCfg = Release|Any CPU
		{0BA81D84-EB0C-FDB5-8748-90F03AD17AC0}.Release|Any CPU.Build.0 = Release|Any CPU
		{0BA81D84-EB0C-FDB5-8748-90F03AD17AC0}.Release|x64.ActiveCfg = Release|Any CPU
		{0BA81D84-EB0C-FDB5-8748-90F03AD17AC0}.Release|x64.Build.0 = Release|Any CPU
		{0BA81D84-EB0C-FDB5-8748-90F03AD17AC0}.Release|x86.ActiveCfg = Release|Any CPU
		{0BA81D84-EB0C-FDB5-8748-90F03AD17AC0}.Release|x86.Build.0 = Release|Any CPU
		{D50ADE7F-2B62-EDB5-2F96-8E6E8D19B961}.Debug|Any CPU.ActiveCfg = Debug|Any CPU
		{D50ADE7F-2B62-EDB5-2F96-8E6E8D19B961}.Debug|Any CPU.Build.0 = Debug|Any CPU
		{D50ADE7F-2B62-EDB5-2F96-8E6E8D19B961}.Debug|x64.ActiveCfg = Debug|Any CPU
		{D50ADE7F-2B62-EDB5-2F96-8E6E8D19B961}.Debug|x64.Build.0 = Debug|Any CPU
		{D50ADE7F-2B62-EDB5-2F96-8E6E8D19B961}.Debug|x86.ActiveCfg = Debug|Any CPU
		{D50ADE7F-2B62-EDB5-2F96-8E6E8D19B961}.Debug|x86.Build.0 = Debug|Any CPU
		{D50ADE7F-2B62-EDB5-2F96-8E6E8D19B961}.Release|Any CPU.ActiveCfg = Release|Any CPU
		{D50ADE7F-2B62-EDB5-2F96-8E6E8D19B961}.Release|Any CPU.Build.0 = Release|Any CPU
		{D50ADE7F-2B62-EDB5-2F96-8E6E8D19B961}.Release|x64.ActiveCfg = Release|Any CPU
		{D50ADE7F-2B62-EDB5-2F96-8E6E8D19B961}.Release|x64.Build.0 = Release|Any CPU
		{D50ADE7F-2B62-EDB5-2F96-8E6E8D19B961}.Release|x86.ActiveCfg = Release|Any CPU
		{D50ADE7F-2B62-EDB5-2F96-8E6E8D19B961}.Release|x86.Build.0 = Release|Any CPU
		{74E901E1-ED27-2FA9-D58D-48A875D82102}.Debug|Any CPU.ActiveCfg = Debug|Any CPU
		{74E901E1-ED27-2FA9-D58D-48A875D82102}.Debug|Any CPU.Build.0 = Debug|Any CPU
		{74E901E1-ED27-2FA9-D58D-48A875D82102}.Debug|x64.ActiveCfg = Debug|Any CPU
		{74E901E1-ED27-2FA9-D58D-48A875D82102}.Debug|x64.Build.0 = Debug|Any CPU
		{74E901E1-ED27-2FA9-D58D-48A875D82102}.Debug|x86.ActiveCfg = Debug|Any CPU
		{74E901E1-ED27-2FA9-D58D-48A875D82102}.Debug|x86.Build.0 = Debug|Any CPU
		{74E901E1-ED27-2FA9-D58D-48A875D82102}.Release|Any CPU.ActiveCfg = Release|Any CPU
		{74E901E1-ED27-2FA9-D58D-48A875D82102}.Release|Any CPU.Build.0 = Release|Any CPU
		{74E901E1-ED27-2FA9-D58D-48A875D82102}.Release|x64.ActiveCfg = Release|Any CPU
		{74E901E1-ED27-2FA9-D58D-48A875D82102}.Release|x64.Build.0 = Release|Any CPU
		{74E901E1-ED27-2FA9-D58D-48A875D82102}.Release|x86.ActiveCfg = Release|Any CPU
		{74E901E1-ED27-2FA9-D58D-48A875D82102}.Release|x86.Build.0 = Release|Any CPU
		{723D183E-B609-CD2B-CF5B-B6F81E9368B3}.Debug|Any CPU.ActiveCfg = Debug|Any CPU
		{723D183E-B609-CD2B-CF5B-B6F81E9368B3}.Debug|Any CPU.Build.0 = Debug|Any CPU
		{723D183E-B609-CD2B-CF5B-B6F81E9368B3}.Debug|x64.ActiveCfg = Debug|Any CPU
		{723D183E-B609-CD2B-CF5B-B6F81E9368B3}.Debug|x64.Build.0 = Debug|Any CPU
		{723D183E-B609-CD2B-CF5B-B6F81E9368B3}.Debug|x86.ActiveCfg = Debug|Any CPU
		{723D183E-B609-CD2B-CF5B-B6F81E9368B3}.Debug|x86.Build.0 = Debug|Any CPU
		{723D183E-B609-CD2B-CF5B-B6F81E9368B3}.Release|Any CPU.ActiveCfg = Release|Any CPU
		{723D183E-B609-CD2B-CF5B-B6F81E9368B3}.Release|Any CPU.Build.0 = Release|Any CPU
		{723D183E-B609-CD2B-CF5B-B6F81E9368B3}.Release|x64.ActiveCfg = Release|Any CPU
		{723D183E-B609-CD2B-CF5B-B6F81E9368B3}.Release|x64.Build.0 = Release|Any CPU
		{723D183E-B609-CD2B-CF5B-B6F81E9368B3}.Release|x86.ActiveCfg = Release|Any CPU
		{723D183E-B609-CD2B-CF5B-B6F81E9368B3}.Release|x86.Build.0 = Release|Any CPU
		{D1B3E399-F4E4-D537-46FE-2585AF4E9262}.Debug|Any CPU.ActiveCfg = Debug|Any CPU
		{D1B3E399-F4E4-D537-46FE-2585AF4E9262}.Debug|Any CPU.Build.0 = Debug|Any CPU
		{D1B3E399-F4E4-D537-46FE-2585AF4E9262}.Debug|x64.ActiveCfg = Debug|Any CPU
		{D1B3E399-F4E4-D537-46FE-2585AF4E9262}.Debug|x64.Build.0 = Debug|Any CPU
		{D1B3E399-F4E4-D537-46FE-2585AF4E9262}.Debug|x86.ActiveCfg = Debug|Any CPU
		{D1B3E399-F4E4-D537-46FE-2585AF4E9262}.Debug|x86.Build.0 = Debug|Any CPU
		{D1B3E399-F4E4-D537-46FE-2585AF4E9262}.Release|Any CPU.ActiveCfg = Release|Any CPU
		{D1B3E399-F4E4-D537-46FE-2585AF4E9262}.Release|Any CPU.Build.0 = Release|Any CPU
		{D1B3E399-F4E4-D537-46FE-2585AF4E9262}.Release|x64.ActiveCfg = Release|Any CPU
		{D1B3E399-F4E4-D537-46FE-2585AF4E9262}.Release|x64.Build.0 = Release|Any CPU
		{D1B3E399-F4E4-D537-46FE-2585AF4E9262}.Release|x86.ActiveCfg = Release|Any CPU
		{D1B3E399-F4E4-D537-46FE-2585AF4E9262}.Release|x86.Build.0 = Release|Any CPU
		{A959DCC5-5586-4A35-A567-807582807E34}.Debug|Any CPU.ActiveCfg = Debug|Any CPU
		{A959DCC5-5586-4A35-A567-807582807E34}.Debug|Any CPU.Build.0 = Debug|Any CPU
		{A959DCC5-5586-4A35-A567-807582807E34}.Debug|x64.ActiveCfg = Debug|Any CPU
		{A959DCC5-5586-4A35-A567-807582807E34}.Debug|x64.Build.0 = Debug|Any CPU
		{A959DCC5-5586-4A35-A567-807582807E34}.Debug|x86.ActiveCfg = Debug|Any CPU
		{A959DCC5-5586-4A35-A567-807582807E34}.Debug|x86.Build.0 = Debug|Any CPU
		{A959DCC5-5586-4A35-A567-807582807E34}.Release|Any CPU.ActiveCfg = Release|Any CPU
		{A959DCC5-5586-4A35-A567-807582807E34}.Release|Any CPU.Build.0 = Release|Any CPU
		{A959DCC5-5586-4A35-A567-807582807E34}.Release|x64.ActiveCfg = Release|Any CPU
		{A959DCC5-5586-4A35-A567-807582807E34}.Release|x64.Build.0 = Release|Any CPU
		{A959DCC5-5586-4A35-A567-807582807E34}.Release|x86.ActiveCfg = Release|Any CPU
		{A959DCC5-5586-4A35-A567-807582807E34}.Release|x86.Build.0 = Release|Any CPU
	EndGlobalSection
	GlobalSection(SolutionProperties) = preSolution
		HideSolutionNode = FALSE
	EndGlobalSection
	GlobalSection(NestedProjects) = preSolution
		{D50ADE7F-2B62-EDB5-2F96-8E6E8D19B961} = {02EA681E-C7D8-13C7-8484-4AC65E1B71E8}
		{74E901E1-ED27-2FA9-D58D-48A875D82102} = {02EA681E-C7D8-13C7-8484-4AC65E1B71E8}
		{723D183E-B609-CD2B-CF5B-B6F81E9368B3} = {02EA681E-C7D8-13C7-8484-4AC65E1B71E8}
		{D1B3E399-F4E4-D537-46FE-2585AF4E9262} = {5F0E6F1C-44C1-42B7-ADF4-770ABB471B40}
	EndGlobalSection
	GlobalSection(ExtensibilityGlobals) = postSolution
		SolutionGuid = {14515AC1-A74C-4CBB-98F2-9DA660E967EF}
	EndGlobalSection
EndGlobal
